{
  "name": "mrz-scan",
  "lockfileVersion": 3,
  "requires": true,
  "packages": {
    "": {
      "dependencies": {
        "@capacitor-community/http": "^1.4.1"
      }
    },
    "node_modules/@capacitor-community/http": {
      "version": "1.4.1",
      "resolved": "https://registry.npmjs.org/@capacitor-community/http/-/http-1.4.1.tgz",
      "integrity": "sha512-+pCkBXrwfm97UfjOgjV950H/qZ8SE36Mrcb46BlL1ps3VIsGuIO+AulL8GqTC6LewheRVtGJpRspNtneXQotNA==",
      "dependencies": {
        "@capacitor/android": "^3.0.0",
        "@capacitor/core": "^3.0.0",
        "@capacitor/filesystem": "^1.0.0",
        "@capacitor/ios": "^3.0.0"
      }
    },
    "node_modules/@capacitor/android": {
      "version": "3.9.0",
      "resolved": "https://registry.npmjs.org/@capacitor/android/-/android-3.9.0.tgz",
      "integrity": "sha512-YTPyrh1NozEuYXWGtfqN27TLXUrLbZX9fggyd4JQ1yMaUZTmLPm5dCuznONhQ49aPkJnUJB02JfpHy/qGwa2Lw==",
      "peerDependencies": {
        "@capacitor/core": "^3.9.0"
      }
    },
    "node_modules/@capacitor/core": {
      "version": "3.9.0",
      "resolved": "https://registry.npmjs.org/@capacitor/core/-/core-3.9.0.tgz",
      "integrity": "sha512-j1lL0+/7stY8YhIq1Lm6xixvUqIn89vtyH5ZpJNNmcZ0kwz6K9eLkcG6fvq1UWMDgSVZg9JrRGSFhb4LLoYOsw==",
      "dependencies": {
        "tslib": "^2.1.0"
      }
    },
    "node_modules/@capacitor/filesystem": {
      "version": "1.1.0",
      "resolved": "https://registry.npmjs.org/@capacitor/filesystem/-/filesystem-1.1.0.tgz",
      "integrity": "sha512-8O3UuvL8HNUEJvZnmn8yUmvgB1evtXfcF0oxIo3YbSlylqywJwS3JTiuhKmsvSxCdpbTy8IaTsutVh3gZgWbKg==",
      "peerDependencies": {
        "@capacitor/core": "^3.0.0"
      }
    },
    "node_modules/@capacitor/ios": {
      "version": "3.9.0",
      "resolved": "https://registry.npmjs.org/@capacitor/ios/-/ios-3.9.0.tgz",
      "integrity": "sha512-GezPCJIujRHnF4wbrKJx6Q/mgFz0f9rmh/steTTXQZI+nEl6mHk6NWh8235p7YbhonYi5WD0rFNirrjGg1EaGw==",
      "peerDependencies": {
        "@capacitor/core": "^3.9.0"
      }
    },
    "node_modules/tslib": {
      "version": "2.6.3",
      "resolved": "https://registry.npmjs.org/tslib/-/tslib-2.6.3.tgz",
      "integrity": "sha512-xNvxJEOUiWPGhUuUdQgAJPKOOJfGnIyKySOc09XkKsgdUV/3E2zvwZYdejjmRgPCgcym1juLH3226yA7sEFJKQ=="
    }
  }
}
